
Microsoft Visual Studio Solution File, Format Version 12.00
# Visual Studio Version 16
VisualStudioVersion = 16.0.31829.152
MinimumVisualStudioVersion = 10.0.40219.1
Project("{FAE04EC0-301F-11D3-BF4B-00C04F79EFBC}") = "MonitorNugetUpdates", "MonitorNugetUpdates\MonitorNugetUpdates.csproj", "{C8D74E41-F83B-4FFE-9F70-71D1DD27C152}"
EndProject
Global
	GlobalSection(SolutionConfigurationPlatforms) = preSolution
		Debug|Any CPU = Debug|Any CPU
		Release|Any CPU = Release|Any CPU
	EndGlobalSection
	GlobalSection(ProjectConfigurationPlatforms) = postSolution
		{C8D74E41-F83B-4FFE-9F70-71D1DD27C152}.Debug|Any CPU.ActiveCfg = Debug|Any CPU
		{C8D74E41-F83B-4FFE-9F70-71D1DD27C152}.Debug|Any CPU.Build.0 = Debug|Any CPU
		{C8D74E41-F83B-4FFE-9F70-71D1DD27C152}.Release|Any CPU.ActiveCfg = Release|Any CPU
		{C8D74E41-F83B-4FFE-9F70-71D1DD27C152}.Release|Any CPU.Build.0 = Release|Any CPU
	EndGlobalSection
	GlobalSection(SolutionProperties) = preSolution
		HideSolutionNode = FALSE
	EndGlobalSection
	GlobalSection(ExtensibilityGlobals) = postSolution
		SolutionGuid = {E43594F1-E3BF-4231-B599-9E205C16524C}
	EndGlobalSection
EndGlobal
